
Microsoft Visual Studio Solution File, Format Version 12.00
# Visual Studio Version 16
VisualStudioVersion = 16.0.31424.327
MinimumVisualStudioVersion = 10.0.40219.1
Project("{9A19103F-16F7-4668-BE54-9A1E7A4F7556}") = "SkillsAPI.Albemuth.Net", "SkillsAPI.Albemuth.Net\SkillsAPI.Albemuth.Net.csproj", "{8A71B2AE-19AD-4C4F-B6CE-DA4285902798}"
EndProject
Project("{FAE04EC0-301F-11D3-BF4B-00C04F79EFBC}") = "SkillsAPITests.Albemuth.Net", "SkillsAPITests.Albemuth.Net\SkillsAPITests.Albemuth.Net.csproj", "{942E3098-40BA-47E2-91B0-131301F46696}"
EndProject
Global
	GlobalSection(SolutionConfigurationPlatforms) = preSolution
		Debug|Any CPU = Debug|Any CPU
		Release|Any CPU = Release|Any CPU
	EndGlobalSection
	GlobalSection(ProjectConfigurationPlatforms) = postSolution
		{8A71B2AE-19AD-4C4F-B6CE-DA4285902798}.Debug|Any CPU.ActiveCfg = Debug|Any CPU
		{8A71B2AE-19AD-4C4F-B6CE-DA4285902798}.Debug|Any CPU.Build.0 = Debug|Any CPU
		{8A71B2AE-19AD-4C4F-B6CE-DA4285902798}.Release|Any CPU.ActiveCfg = Release|Any CPU
		{8A71B2AE-19AD-4C4F-B6CE-DA4285902798}.Release|Any CPU.Build.0 = Release|Any CPU
		{942E3098-40BA-47E2-91B0-131301F46696}.Debug|Any CPU.ActiveCfg = Debug|Any CPU
		{942E3098-40BA-47E2-91B0-131301F46696}.Debug|Any CPU.Build.0 = Debug|Any CPU
		{942E3098-40BA-47E2-91B0-131301F46696}.Release|Any CPU.ActiveCfg = Release|Any CPU
		{942E3098-40BA-47E2-91B0-131301F46696}.Release|Any CPU.Build.0 = Release|Any CPU
	EndGlobalSection
	GlobalSection(SolutionProperties) = preSolution
		HideSolutionNode = FALSE
	EndGlobalSection
	GlobalSection(ExtensibilityGlobals) = postSolution
		SolutionGuid = {57D4DF3C-83EF-473B-A7F2-5EA4C794030D}
	EndGlobalSection
EndGlobal
